
Microsoft Visual Studio Solution File, Format Version 12.00
# Visual Studio 15
VisualStudioVersion = 15.0.27130.2010
MinimumVisualStudioVersion = 10.0.40219.1
Project("{FAE04EC0-301F-11D3-BF4B-00C04F79EFBC}") = "ACTransit.CusRel.Website", "ACTransit.CusRel.Website\ACTransit.CusRel.Website.csproj", "{1796CF83-300B-4183-B518-93EDC991DFAD}"
EndProject
Project("{FAE04EC0-301F-11D3-BF4B-00C04F79EFBC}") = "ACTransit.CusRel.Tests", "ACTransit.CusRel.Tests\ACTransit.CusRel.Tests.csproj", "{2AAA94CA-6A09-49DB-ACF1-8426F88B9A17}"
EndProject

Project("{2150E333-8FDC-42A3-9474-1A3956D46DE8}") = "Domain", "Domain", "{1C147E2C-5D4E-4C23-816D-07E8595C6A1F}"
EndProject
Project("{FAE04EC0-301F-11D3-BF4B-00C04F79EFBC}") = "ACTransit.CusRel.Repositories", "ACTransit.CusRel.Repositories\ACTransit.CusRel.Repositories.csproj", "{89B31D95-ED2A-4F45-AD69-61E1C8156219}"
EndProject
Project("{FAE04EC0-301F-11D3-BF4B-00C04F79EFBC}") = "ACTransit.CusRel.Services", "ACTransit.CusRel.Services\ACTransit.CusRel.Services.csproj", "{F0DF3771-DEA9-4FC9-A3B6-30E3CF762D63}"
EndProject
Project("{2150E333-8FDC-42A3-9474-1A3956D46DE8}") = "Externals", "Externals", "{50E6B7EA-104F-4308-95AE-728E51945E04}"
EndProject
Project("{FAE04EC0-301F-11D3-BF4B-00C04F79EFBC}") = "ACTransit.Contracts.Data.Common", "..\ACTransit.Contracts\Data\ACTransit.Contracts.Data.Common\ACTransit.Contracts.Data.Common.csproj", "{CDE30A9A-D492-47E1-9197-67C9E617CC3C}"
EndProject
Project("{FAE04EC0-301F-11D3-BF4B-00C04F79EFBC}") = "ACTransit.Contracts.Data.CusRel", "..\ACTransit.Contracts\Data\ACTransit.Contracts.Data.CusRel\ACTransit.Contracts.Data.CusRel.csproj", "{F9E5F500-ECDB-4343-9736-6D97B8741189}"
EndProject
Project("{FAE04EC0-301F-11D3-BF4B-00C04F79EFBC}") = "ACTransit.Contracts.Data.Customer", "..\ACTransit.Contracts\Data\ACTransit.Contracts.Data.Customer\ACTransit.Contracts.Data.Customer.csproj", "{CB7F3668-1464-4EDC-B7ED-0813565A6D73}"
EndProject
Project("{FAE04EC0-301F-11D3-BF4B-00C04F79EFBC}") = "ACTransit.DataAccess.MapsSchedules", "..\ACTransit.Entities\DataAccess.MapsSchedules\ACTransit.DataAccess.MapsSchedules.csproj", "{498C7E03-5FF8-4877-8B81-067E362A79E8}"
EndProject
Project("{FAE04EC0-301F-11D3-BF4B-00C04F79EFBC}") = "ACTransit.Entities.MapsSchedules", "..\ACTransit.Entities\Entities.MapsSchedules\ACTransit.Entities.MapsSchedules.csproj", "{BE3D258D-667E-4F82-AC8F-53AE4C857237}"
EndProject
Project("{FAE04EC0-301F-11D3-BF4B-00C04F79EFBC}") = "ACTransit.Contracts.Data.Schedules", "..\ACTransit.Contracts\Data\ACTransit.Contracts.Data.Schedules\ACTransit.Contracts.Data.Schedules.csproj", "{905C56F6-A43F-4492-A49F-DF23D5787299}"
EndProject
Project("{FAE04EC0-301F-11D3-BF4B-00C04F79EFBC}") = "ACTransit.DataAccess.CustomerRelations", "..\ACTransit.Entities\DataAccess.CustomerRelations\ACTransit.DataAccess.CustomerRelations.csproj", "{DE034DAF-76AE-4729-A847-0AE791FD7775}"
EndProject
Project("{FAE04EC0-301F-11D3-BF4B-00C04F79EFBC}") = "ACTransit.Entities.CustomerRelations", "..\ACTransit.Entities\Entities.CustomerRelations\ACTransit.Entities.CustomerRelations.csproj", "{616197EF-67BC-4E7E-A033-AC9E8838CEF5}"
EndProject
Project("{FAE04EC0-301F-11D3-BF4B-00C04F79EFBC}") = "ACTransit.DataAccess.Scheduling", "..\ACTransit.Entities\DataAccess.Scheduling\ACTransit.DataAccess.Scheduling.csproj", "{DC263910-D7CF-44F3-8270-0FAD8CAC3D84}"
EndProject
Project("{FAE04EC0-301F-11D3-BF4B-00C04F79EFBC}") = "ACTransit.Entities.Scheduling", "..\ACTransit.Entities\Entities.Scheduling\ACTransit.Entities.Scheduling.csproj", "{FE135CEB-2E71-4096-9FCE-BB095734A2D1}"
EndProject
Project("{FAE04EC0-301F-11D3-BF4B-00C04F79EFBC}") = "ACTransit.CusRel.ServiceHost", "ACTransit.CusRel.ServiceHost\ACTransit.CusRel.ServiceHost.csproj", "{DD0B5DD7-31C7-4F9A-A1DC-9B90706EB8F7}"
EndProject
Project("{FAE04EC0-301F-11D3-BF4B-00C04F79EFBC}") = "ACTransit.Framework", "..\ACTransit.Framework\ACTransit.Framework\ACTransit.Framework.csproj", "{CBAB0FA8-B673-4596-94CD-3AE0A910A873}"
EndProject
Project("{FAE04EC0-301F-11D3-BF4B-00C04F79EFBC}") = "ACTransit.Framework.Web", "..\ACTransit.Framework\ACTransit.Framework.Web\ACTransit.Framework.Web.csproj", "{4FDF28DB-0354-4B8B-9DE3-D050886602DD}"
EndProject
Project("{FAE04EC0-301F-11D3-BF4B-00C04F79EFBC}") = "ACTransit.Framework.Logging", "..\ACTransit.Framework\ACTransit.Framework.Logging\ACTransit.Framework.Logging.csproj", "{83DDEBF7-120B-499D-89D0-2D730C5E79DF}"
EndProject
Project("{FAE04EC0-301F-11D3-BF4B-00C04F79EFBC}") = "ACTransit.Framework.DataAccess", "..\ACTransit.Framework\ACTransit.Framework.DataAccess\ACTransit.Framework.DataAccess.csproj", "{DE1EBEF9-AB81-4A7E-BD81-B5200853F84A}"
EndProject
Project("{FAE04EC0-301F-11D3-BF4B-00C04F79EFBC}") = "ACTransit.DataAccess.Employee", "..\ACTransit.Entities\DataAccess.Employee\ACTransit.DataAccess.Employee.csproj", "{DEAEAA5B-B661-43F0-BE14-7521B67D32D1}"
EndProject
Project("{FAE04EC0-301F-11D3-BF4B-00C04F79EFBC}") = "ACTransit.Entities.Employee", "..\ACTransit.Entities\Entities.Employee\ACTransit.Entities.Employee.csproj", "{C11E8ECD-9CFE-4923-B617-1437A5B340C2}"
EndProject
Project("{FAE04EC0-301F-11D3-BF4B-00C04F79EFBC}") = "ACTransit.DataAccess.Transportation", "..\ACTransit.Entities\DataAccess.Transportation\ACTransit.DataAccess.Transportation.csproj", "{CCD32EF0-7101-4C15-A4FC-9ECA9848C6C0}"
EndProject
Project("{FAE04EC0-301F-11D3-BF4B-00C04F79EFBC}") = "ACTransit.Entities.Transportation", "..\ACTransit.Entities\Entities.Transportation\ACTransit.Entities.Transportation.csproj", "{37BAA696-7EB6-4885-BC7B-CC156B1C6D58}"
EndProject
Project("{2150E333-8FDC-42A3-9474-1A3956D46DE8}") = "Contracts", "Contracts", "{081F5BD9-EF31-4131-BFFC-43D0B5A26105}"
EndProject
Project("{2150E333-8FDC-42A3-9474-1A3956D46DE8}") = "DataAccess", "DataAccess", "{BA6EE5CB-FD15-4B84-8AC1-9B9161540D6C}"
EndProject
Project("{2150E333-8FDC-42A3-9474-1A3956D46DE8}") = "Framework", "Framework", "{0066E867-E2C4-4A62-918F-71C7407ABE0A}"
EndProject
Project("{2150E333-8FDC-42A3-9474-1A3956D46DE8}") = "Hosts", "Hosts", "{70447F04-0E92-4CB7-8D20-831FBAB0E314}"
EndProject
Project("{FAE04EC0-301F-11D3-BF4B-00C04F79EFBC}") = "ACTransit.DataAccess.Scheduling.Gtfs", "..\ACTransit.Entities\DataAccess.Scheduling.Gtfs\ACTransit.DataAccess.Scheduling.Gtfs.csproj", "{8C605775-89F7-4931-84BF-0975E85D2CA9}"
EndProject
Project("{FAE04EC0-301F-11D3-BF4B-00C04F79EFBC}") = "ACTransit.Entities.Scheduling.Gtfs", "..\ACTransit.Entities\Entities.Scheduling.Gtfs\ACTransit.Entities.Scheduling.Gtfs.csproj", "{0BDF1E21-B961-4B0B-A28F-046E2E4FD91E}"
EndProject
Project("{2150E333-8FDC-42A3-9474-1A3956D46DE8}") = "Public API", "Public API", "{5BF83B38-E8A2-4CDE-88D1-9844A373D184}"
EndProject
Project("{FAE04EC0-301F-11D3-BF4B-00C04F79EFBC}") = "ACTransit.CusRel.Public.Domain.Repositories", "ACTransit.CusRel.Public.API\ACTransit.CusRel.Public.Domain.Repositories\ACTransit.CusRel.Public.Domain.Repositories.csproj", "{D3623226-965F-49F3-B11D-0A7A4EB8385A}"
EndProject
Project("{FAE04EC0-301F-11D3-BF4B-00C04F79EFBC}") = "ACTransit.CusRel.Public.Domain.Services", "ACTransit.CusRel.Public.API\ACTransit.CusRel.Public.Domain.Services\ACTransit.CusRel.Public.Domain.Services.csproj", "{33D668C4-A938-4F09-9F91-872139153064}"
EndProject
Project("{FAE04EC0-301F-11D3-BF4B-00C04F79EFBC}") = "ACTransit.CusRel.Public.API", "ACTransit.CusRel.Public.API\ACTransit.CusRel.Public.API\ACTransit.CusRel.Public.API.csproj", "{ED0848A2-B4CD-44F8-9425-E75135DF5960}"
EndProject
Project("{FAE04EC0-301F-11D3-BF4B-00C04F79EFBC}") = "FileUtility2016", "..\ACTransit.CLR\FileUtility\FileUtility2016\FileUtility2016.csproj", "{31E8CD46-1B16-4C47-95B9-AF6B8919E3FF}"
EndProject
Global
	GlobalSection(SolutionConfigurationPlatforms) = preSolution
		Debug|Any CPU = Debug|Any CPU
		Nuget|Any CPU = Nuget|Any CPU
		Release|Any CPU = Release|Any CPU
	EndGlobalSection
	GlobalSection(ProjectConfigurationPlatforms) = postSolution
		{1796CF83-300B-4183-B518-93EDC991DFAD}.Debug|Any CPU.ActiveCfg = Debug|Any CPU
		{1796CF83-300B-4183-B518-93EDC991DFAD}.Debug|Any CPU.Build.0 = Debug|Any CPU
		{1796CF83-300B-4183-B518-93EDC991DFAD}.Nuget|Any CPU.ActiveCfg = Release|Any CPU
		{1796CF83-300B-4183-B518-93EDC991DFAD}.Nuget|Any CPU.Build.0 = Release|Any CPU
		{1796CF83-300B-4183-B518-93EDC991DFAD}.Release|Any CPU.ActiveCfg = Release|Any CPU
		{1796CF83-300B-4183-B518-93EDC991DFAD}.Release|Any CPU.Build.0 = Release|Any CPU
		{2AAA94CA-6A09-49DB-ACF1-8426F88B9A17}.Debug|Any CPU.ActiveCfg = Debug|Any CPU
		{2AAA94CA-6A09-49DB-ACF1-8426F88B9A17}.Debug|Any CPU.Build.0 = Debug|Any CPU
		{2AAA94CA-6A09-49DB-ACF1-8426F88B9A17}.Nuget|Any CPU.ActiveCfg = Release|Any CPU
		{2AAA94CA-6A09-49DB-ACF1-8426F88B9A17}.Nuget|Any CPU.Build.0 = Release|Any CPU
		{2AAA94CA-6A09-49DB-ACF1-8426F88B9A17}.Release|Any CPU.ActiveCfg = Release|Any CPU
		{2AAA94CA-6A09-49DB-ACF1-8426F88B9A17}.Release|Any CPU.Build.0 = Release|Any CPU






		{89B31D95-ED2A-4F45-AD69-61E1C8156219}.Debug|Any CPU.ActiveCfg = Debug|Any CPU
		{89B31D95-ED2A-4F45-AD69-61E1C8156219}.Debug|Any CPU.Build.0 = Debug|Any CPU
		{89B31D95-ED2A-4F45-AD69-61E1C8156219}.Nuget|Any CPU.ActiveCfg = Release|Any CPU
		{89B31D95-ED2A-4F45-AD69-61E1C8156219}.Nuget|Any CPU.Build.0 = Release|Any CPU
		{89B31D95-ED2A-4F45-AD69-61E1C8156219}.Release|Any CPU.ActiveCfg = Release|Any CPU
		{89B31D95-ED2A-4F45-AD69-61E1C8156219}.Release|Any CPU.Build.0 = Release|Any CPU
		{F0DF3771-DEA9-4FC9-A3B6-30E3CF762D63}.Debug|Any CPU.ActiveCfg = Debug|Any CPU
		{F0DF3771-DEA9-4FC9-A3B6-30E3CF762D63}.Debug|Any CPU.Build.0 = Debug|Any CPU
		{F0DF3771-DEA9-4FC9-A3B6-30E3CF762D63}.Nuget|Any CPU.ActiveCfg = Release|Any CPU
		{F0DF3771-DEA9-4FC9-A3B6-30E3CF762D63}.Nuget|Any CPU.Build.0 = Release|Any CPU
		{F0DF3771-DEA9-4FC9-A3B6-30E3CF762D63}.Release|Any CPU.ActiveCfg = Release|Any CPU
		{F0DF3771-DEA9-4FC9-A3B6-30E3CF762D63}.Release|Any CPU.Build.0 = Release|Any CPU
		{CDE30A9A-D492-47E1-9197-67C9E617CC3C}.Debug|Any CPU.ActiveCfg = Debug|Any CPU
		{CDE30A9A-D492-47E1-9197-67C9E617CC3C}.Debug|Any CPU.Build.0 = Debug|Any CPU
		{CDE30A9A-D492-47E1-9197-67C9E617CC3C}.Nuget|Any CPU.ActiveCfg = Nuget|Any CPU
		{CDE30A9A-D492-47E1-9197-67C9E617CC3C}.Nuget|Any CPU.Build.0 = Nuget|Any CPU
		{CDE30A9A-D492-47E1-9197-67C9E617CC3C}.Release|Any CPU.ActiveCfg = Release|Any CPU
		{CDE30A9A-D492-47E1-9197-67C9E617CC3C}.Release|Any CPU.Build.0 = Release|Any CPU
		{F9E5F500-ECDB-4343-9736-6D97B8741189}.Debug|Any CPU.ActiveCfg = Debug|Any CPU
		{F9E5F500-ECDB-4343-9736-6D97B8741189}.Debug|Any CPU.Build.0 = Debug|Any CPU
		{F9E5F500-ECDB-4343-9736-6D97B8741189}.Nuget|Any CPU.ActiveCfg = Nuget|Any CPU
		{F9E5F500-ECDB-4343-9736-6D97B8741189}.Nuget|Any CPU.Build.0 = Nuget|Any CPU
		{F9E5F500-ECDB-4343-9736-6D97B8741189}.Release|Any CPU.ActiveCfg = Release|Any CPU
		{F9E5F500-ECDB-4343-9736-6D97B8741189}.Release|Any CPU.Build.0 = Release|Any CPU
		{CB7F3668-1464-4EDC-B7ED-0813565A6D73}.Debug|Any CPU.ActiveCfg = Debug|Any CPU
		{CB7F3668-1464-4EDC-B7ED-0813565A6D73}.Debug|Any CPU.Build.0 = Debug|Any CPU
		{CB7F3668-1464-4EDC-B7ED-0813565A6D73}.Nuget|Any CPU.ActiveCfg = Nuget|Any CPU
		{CB7F3668-1464-4EDC-B7ED-0813565A6D73}.Nuget|Any CPU.Build.0 = Nuget|Any CPU
		{CB7F3668-1464-4EDC-B7ED-0813565A6D73}.Release|Any CPU.ActiveCfg = Release|Any CPU
		{CB7F3668-1464-4EDC-B7ED-0813565A6D73}.Release|Any CPU.Build.0 = Release|Any CPU
		{498C7E03-5FF8-4877-8B81-067E362A79E8}.Debug|Any CPU.ActiveCfg = Debug|Any CPU
		{498C7E03-5FF8-4877-8B81-067E362A79E8}.Debug|Any CPU.Build.0 = Debug|Any CPU
		{498C7E03-5FF8-4877-8B81-067E362A79E8}.Nuget|Any CPU.ActiveCfg = Nuget|Any CPU
		{498C7E03-5FF8-4877-8B81-067E362A79E8}.Nuget|Any CPU.Build.0 = Nuget|Any CPU
		{498C7E03-5FF8-4877-8B81-067E362A79E8}.Release|Any CPU.ActiveCfg = Release|Any CPU
		{498C7E03-5FF8-4877-8B81-067E362A79E8}.Release|Any CPU.Build.0 = Release|Any CPU
		{BE3D258D-667E-4F82-AC8F-53AE4C857237}.Debug|Any CPU.ActiveCfg = Debug|Any CPU
		{BE3D258D-667E-4F82-AC8F-53AE4C857237}.Debug|Any CPU.Build.0 = Debug|Any CPU
		{BE3D258D-667E-4F82-AC8F-53AE4C857237}.Nuget|Any CPU.ActiveCfg = Nuget|Any CPU
		{BE3D258D-667E-4F82-AC8F-53AE4C857237}.Nuget|Any CPU.Build.0 = Nuget|Any CPU
		{BE3D258D-667E-4F82-AC8F-53AE4C857237}.Release|Any CPU.ActiveCfg = Release|Any CPU
		{BE3D258D-667E-4F82-AC8F-53AE4C857237}.Release|Any CPU.Build.0 = Release|Any CPU
		{905C56F6-A43F-4492-A49F-DF23D5787299}.Debug|Any CPU.ActiveCfg = Debug|Any CPU
		{905C56F6-A43F-4492-A49F-DF23D5787299}.Debug|Any CPU.Build.0 = Debug|Any CPU
		{905C56F6-A43F-4492-A49F-DF23D5787299}.Nuget|Any CPU.ActiveCfg = Nuget|Any CPU
		{905C56F6-A43F-4492-A49F-DF23D5787299}.Nuget|Any CPU.Build.0 = Nuget|Any CPU
		{905C56F6-A43F-4492-A49F-DF23D5787299}.Release|Any CPU.ActiveCfg = Release|Any CPU
		{905C56F6-A43F-4492-A49F-DF23D5787299}.Release|Any CPU.Build.0 = Release|Any CPU
		{DE034DAF-76AE-4729-A847-0AE791FD7775}.Debug|Any CPU.ActiveCfg = Debug|Any CPU
		{DE034DAF-76AE-4729-A847-0AE791FD7775}.Debug|Any CPU.Build.0 = Debug|Any CPU
		{DE034DAF-76AE-4729-A847-0AE791FD7775}.Nuget|Any CPU.ActiveCfg = Nuget|Any CPU
		{DE034DAF-76AE-4729-A847-0AE791FD7775}.Nuget|Any CPU.Build.0 = Nuget|Any CPU
		{DE034DAF-76AE-4729-A847-0AE791FD7775}.Release|Any CPU.ActiveCfg = Release|Any CPU
		{DE034DAF-76AE-4729-A847-0AE791FD7775}.Release|Any CPU.Build.0 = Release|Any CPU
		{616197EF-67BC-4E7E-A033-AC9E8838CEF5}.Debug|Any CPU.ActiveCfg = Debug|Any CPU
		{616197EF-67BC-4E7E-A033-AC9E8838CEF5}.Debug|Any CPU.Build.0 = Debug|Any CPU
		{616197EF-67BC-4E7E-A033-AC9E8838CEF5}.Nuget|Any CPU.ActiveCfg = Nuget|Any CPU
		{616197EF-67BC-4E7E-A033-AC9E8838CEF5}.Nuget|Any CPU.Build.0 = Nuget|Any CPU
		{616197EF-67BC-4E7E-A033-AC9E8838CEF5}.Release|Any CPU.ActiveCfg = Release|Any CPU
		{616197EF-67BC-4E7E-A033-AC9E8838CEF5}.Release|Any CPU.Build.0 = Release|Any CPU
		{DC263910-D7CF-44F3-8270-0FAD8CAC3D84}.Debug|Any CPU.ActiveCfg = Debug|Any CPU
		{DC263910-D7CF-44F3-8270-0FAD8CAC3D84}.Debug|Any CPU.Build.0 = Debug|Any CPU
		{DC263910-D7CF-44F3-8270-0FAD8CAC3D84}.Nuget|Any CPU.ActiveCfg = Nuget|Any CPU
		{DC263910-D7CF-44F3-8270-0FAD8CAC3D84}.Nuget|Any CPU.Build.0 = Nuget|Any CPU
		{DC263910-D7CF-44F3-8270-0FAD8CAC3D84}.Release|Any CPU.ActiveCfg = Release|Any CPU
		{DC263910-D7CF-44F3-8270-0FAD8CAC3D84}.Release|Any CPU.Build.0 = Release|Any CPU
		{FE135CEB-2E71-4096-9FCE-BB095734A2D1}.Debug|Any CPU.ActiveCfg = Debug|Any CPU
		{FE135CEB-2E71-4096-9FCE-BB095734A2D1}.Debug|Any CPU.Build.0 = Debug|Any CPU
		{FE135CEB-2E71-4096-9FCE-BB095734A2D1}.Nuget|Any CPU.ActiveCfg = Nuget|Any CPU
		{FE135CEB-2E71-4096-9FCE-BB095734A2D1}.Nuget|Any CPU.Build.0 = Nuget|Any CPU
		{FE135CEB-2E71-4096-9FCE-BB095734A2D1}.Release|Any CPU.ActiveCfg = Release|Any CPU
		{FE135CEB-2E71-4096-9FCE-BB095734A2D1}.Release|Any CPU.Build.0 = Release|Any CPU
		{DD0B5DD7-31C7-4F9A-A1DC-9B90706EB8F7}.Debug|Any CPU.ActiveCfg = Debug|Any CPU
		{DD0B5DD7-31C7-4F9A-A1DC-9B90706EB8F7}.Debug|Any CPU.Build.0 = Debug|Any CPU
		{DD0B5DD7-31C7-4F9A-A1DC-9B90706EB8F7}.Nuget|Any CPU.ActiveCfg = Release|Any CPU
		{DD0B5DD7-31C7-4F9A-A1DC-9B90706EB8F7}.Nuget|Any CPU.Build.0 = Release|Any CPU
		{DD0B5DD7-31C7-4F9A-A1DC-9B90706EB8F7}.Release|Any CPU.ActiveCfg = Release|Any CPU
		{DD0B5DD7-31C7-4F9A-A1DC-9B90706EB8F7}.Release|Any CPU.Build.0 = Release|Any CPU
		{CBAB0FA8-B673-4596-94CD-3AE0A910A873}.Debug|Any CPU.ActiveCfg = Debug|Any CPU
		{CBAB0FA8-B673-4596-94CD-3AE0A910A873}.Debug|Any CPU.Build.0 = Debug|Any CPU
		{CBAB0FA8-B673-4596-94CD-3AE0A910A873}.Nuget|Any CPU.ActiveCfg = Nuget|Any CPU
		{CBAB0FA8-B673-4596-94CD-3AE0A910A873}.Nuget|Any CPU.Build.0 = Nuget|Any CPU
		{CBAB0FA8-B673-4596-94CD-3AE0A910A873}.Release|Any CPU.ActiveCfg = Release|Any CPU
		{CBAB0FA8-B673-4596-94CD-3AE0A910A873}.Release|Any CPU.Build.0 = Release|Any CPU
		{4FDF28DB-0354-4B8B-9DE3-D050886602DD}.Debug|Any CPU.ActiveCfg = Debug|Any CPU
		{4FDF28DB-0354-4B8B-9DE3-D050886602DD}.Debug|Any CPU.Build.0 = Debug|Any CPU
		{4FDF28DB-0354-4B8B-9DE3-D050886602DD}.Nuget|Any CPU.ActiveCfg = Nuget|Any CPU
		{4FDF28DB-0354-4B8B-9DE3-D050886602DD}.Nuget|Any CPU.Build.0 = Nuget|Any CPU
		{4FDF28DB-0354-4B8B-9DE3-D050886602DD}.Release|Any CPU.ActiveCfg = Release|Any CPU
		{4FDF28DB-0354-4B8B-9DE3-D050886602DD}.Release|Any CPU.Build.0 = Release|Any CPU
		{83DDEBF7-120B-499D-89D0-2D730C5E79DF}.Debug|Any CPU.ActiveCfg = Debug|Any CPU
		{83DDEBF7-120B-499D-89D0-2D730C5E79DF}.Debug|Any CPU.Build.0 = Debug|Any CPU
		{83DDEBF7-120B-499D-89D0-2D730C5E79DF}.Nuget|Any CPU.ActiveCfg = Nuget|Any CPU
		{83DDEBF7-120B-499D-89D0-2D730C5E79DF}.Nuget|Any CPU.Build.0 = Nuget|Any CPU
		{83DDEBF7-120B-499D-89D0-2D730C5E79DF}.Release|Any CPU.ActiveCfg = Release|Any CPU
		{83DDEBF7-120B-499D-89D0-2D730C5E79DF}.Release|Any CPU.Build.0 = Release|Any CPU
		{DE1EBEF9-AB81-4A7E-BD81-B5200853F84A}.Debug|Any CPU.ActiveCfg = Debug|Any CPU
		{DE1EBEF9-AB81-4A7E-BD81-B5200853F84A}.Debug|Any CPU.Build.0 = Debug|Any CPU
		{DE1EBEF9-AB81-4A7E-BD81-B5200853F84A}.Nuget|Any CPU.ActiveCfg = Nuget|Any CPU
		{DE1EBEF9-AB81-4A7E-BD81-B5200853F84A}.Nuget|Any CPU.Build.0 = Nuget|Any CPU
		{DE1EBEF9-AB81-4A7E-BD81-B5200853F84A}.Release|Any CPU.ActiveCfg = Release|Any CPU
		{DE1EBEF9-AB81-4A7E-BD81-B5200853F84A}.Release|Any CPU.Build.0 = Release|Any CPU
		{DEAEAA5B-B661-43F0-BE14-7521B67D32D1}.Debug|Any CPU.ActiveCfg = Debug|Any CPU
		{DEAEAA5B-B661-43F0-BE14-7521B67D32D1}.Debug|Any CPU.Build.0 = Debug|Any CPU
		{DEAEAA5B-B661-43F0-BE14-7521B67D32D1}.Nuget|Any CPU.ActiveCfg = Nuget|Any CPU
		{DEAEAA5B-B661-43F0-BE14-7521B67D32D1}.Nuget|Any CPU.Build.0 = Nuget|Any CPU
		{DEAEAA5B-B661-43F0-BE14-7521B67D32D1}.Release|Any CPU.ActiveCfg = Release|Any CPU
		{DEAEAA5B-B661-43F0-BE14-7521B67D32D1}.Release|Any CPU.Build.0 = Release|Any CPU
		{C11E8ECD-9CFE-4923-B617-1437A5B340C2}.Debug|Any CPU.ActiveCfg = Debug|Any CPU
		{C11E8ECD-9CFE-4923-B617-1437A5B340C2}.Debug|Any CPU.Build.0 = Debug|Any CPU
		{C11E8ECD-9CFE-4923-B617-1437A5B340C2}.Nuget|Any CPU.ActiveCfg = Nuget|Any CPU
		{C11E8ECD-9CFE-4923-B617-1437A5B340C2}.Nuget|Any CPU.Build.0 = Nuget|Any CPU
		{C11E8ECD-9CFE-4923-B617-1437A5B340C2}.Release|Any CPU.ActiveCfg = Release|Any CPU
		{C11E8ECD-9CFE-4923-B617-1437A5B340C2}.Release|Any CPU.Build.0 = Release|Any CPU
		{CCD32EF0-7101-4C15-A4FC-9ECA9848C6C0}.Debug|Any CPU.ActiveCfg = Debug|Any CPU
		{CCD32EF0-7101-4C15-A4FC-9ECA9848C6C0}.Debug|Any CPU.Build.0 = Debug|Any CPU
		{CCD32EF0-7101-4C15-A4FC-9ECA9848C6C0}.Nuget|Any CPU.ActiveCfg = Nuget|Any CPU
		{CCD32EF0-7101-4C15-A4FC-9ECA9848C6C0}.Nuget|Any CPU.Build.0 = Nuget|Any CPU
		{CCD32EF0-7101-4C15-A4FC-9ECA9848C6C0}.Release|Any CPU.ActiveCfg = Release|Any CPU
		{CCD32EF0-7101-4C15-A4FC-9ECA9848C6C0}.Release|Any CPU.Build.0 = Release|Any CPU
		{37BAA696-7EB6-4885-BC7B-CC156B1C6D58}.Debug|Any CPU.ActiveCfg = Debug|Any CPU
		{37BAA696-7EB6-4885-BC7B-CC156B1C6D58}.Debug|Any CPU.Build.0 = Debug|Any CPU
		{37BAA696-7EB6-4885-BC7B-CC156B1C6D58}.Nuget|Any CPU.ActiveCfg = Nuget|Any CPU
		{37BAA696-7EB6-4885-BC7B-CC156B1C6D58}.Nuget|Any CPU.Build.0 = Nuget|Any CPU
		{37BAA696-7EB6-4885-BC7B-CC156B1C6D58}.Release|Any CPU.ActiveCfg = Release|Any CPU
		{37BAA696-7EB6-4885-BC7B-CC156B1C6D58}.Release|Any CPU.Build.0 = Release|Any CPU
		{8C605775-89F7-4931-84BF-0975E85D2CA9}.Debug|Any CPU.ActiveCfg = Debug|Any CPU
		{8C605775-89F7-4931-84BF-0975E85D2CA9}.Debug|Any CPU.Build.0 = Debug|Any CPU
		{8C605775-89F7-4931-84BF-0975E85D2CA9}.Nuget|Any CPU.ActiveCfg = Nuget|Any CPU
		{8C605775-89F7-4931-84BF-0975E85D2CA9}.Nuget|Any CPU.Build.0 = Nuget|Any CPU
		{8C605775-89F7-4931-84BF-0975E85D2CA9}.Release|Any CPU.ActiveCfg = Release|Any CPU
		{8C605775-89F7-4931-84BF-0975E85D2CA9}.Release|Any CPU.Build.0 = Release|Any CPU
		{0BDF1E21-B961-4B0B-A28F-046E2E4FD91E}.Debug|Any CPU.ActiveCfg = Debug|Any CPU
		{0BDF1E21-B961-4B0B-A28F-046E2E4FD91E}.Debug|Any CPU.Build.0 = Debug|Any CPU
		{0BDF1E21-B961-4B0B-A28F-046E2E4FD91E}.Nuget|Any CPU.ActiveCfg = Nuget|Any CPU
		{0BDF1E21-B961-4B0B-A28F-046E2E4FD91E}.Nuget|Any CPU.Build.0 = Nuget|Any CPU
		{0BDF1E21-B961-4B0B-A28F-046E2E4FD91E}.Release|Any CPU.ActiveCfg = Release|Any CPU
		{0BDF1E21-B961-4B0B-A28F-046E2E4FD91E}.Release|Any CPU.Build.0 = Release|Any CPU
		{D3623226-965F-49F3-B11D-0A7A4EB8385A}.Debug|Any CPU.ActiveCfg = Debug|Any CPU
		{D3623226-965F-49F3-B11D-0A7A4EB8385A}.Debug|Any CPU.Build.0 = Debug|Any CPU
		{D3623226-965F-49F3-B11D-0A7A4EB8385A}.Nuget|Any CPU.ActiveCfg = Release|Any CPU
		{D3623226-965F-49F3-B11D-0A7A4EB8385A}.Nuget|Any CPU.Build.0 = Release|Any CPU
		{D3623226-965F-49F3-B11D-0A7A4EB8385A}.Release|Any CPU.ActiveCfg = Release|Any CPU
		{D3623226-965F-49F3-B11D-0A7A4EB8385A}.Release|Any CPU.Build.0 = Release|Any CPU
		{33D668C4-A938-4F09-9F91-872139153064}.Debug|Any CPU.ActiveCfg = Debug|Any CPU
		{33D668C4-A938-4F09-9F91-872139153064}.Debug|Any CPU.Build.0 = Debug|Any CPU
		{33D668C4-A938-4F09-9F91-872139153064}.Nuget|Any CPU.ActiveCfg = Release|Any CPU
		{33D668C4-A938-4F09-9F91-872139153064}.Nuget|Any CPU.Build.0 = Release|Any CPU
		{33D668C4-A938-4F09-9F91-872139153064}.Release|Any CPU.ActiveCfg = Release|Any CPU
		{33D668C4-A938-4F09-9F91-872139153064}.Release|Any CPU.Build.0 = Release|Any CPU
		{ED0848A2-B4CD-44F8-9425-E75135DF5960}.Debug|Any CPU.ActiveCfg = Debug|Any CPU
		{ED0848A2-B4CD-44F8-9425-E75135DF5960}.Debug|Any CPU.Build.0 = Debug|Any CPU
		{ED0848A2-B4CD-44F8-9425-E75135DF5960}.Nuget|Any CPU.ActiveCfg = Release|Any CPU
		{ED0848A2-B4CD-44F8-9425-E75135DF5960}.Nuget|Any CPU.Build.0 = Release|Any CPU
		{ED0848A2-B4CD-44F8-9425-E75135DF5960}.Release|Any CPU.ActiveCfg = Release|Any CPU
		{ED0848A2-B4CD-44F8-9425-E75135DF5960}.Release|Any CPU.Build.0 = Release|Any CPU
		{31E8CD46-1B16-4C47-95B9-AF6B8919E3FF}.Debug|Any CPU.ActiveCfg = Debug|Any CPU
		{31E8CD46-1B16-4C47-95B9-AF6B8919E3FF}.Debug|Any CPU.Build.0 = Debug|Any CPU
		{31E8CD46-1B16-4C47-95B9-AF6B8919E3FF}.Nuget|Any CPU.ActiveCfg = Release|Any CPU
		{31E8CD46-1B16-4C47-95B9-AF6B8919E3FF}.Nuget|Any CPU.Build.0 = Release|Any CPU
		{31E8CD46-1B16-4C47-95B9-AF6B8919E3FF}.Release|Any CPU.ActiveCfg = Release|Any CPU
		{31E8CD46-1B16-4C47-95B9-AF6B8919E3FF}.Release|Any CPU.Build.0 = Release|Any CPU
	EndGlobalSection
	GlobalSection(SolutionProperties) = preSolution
		HideSolutionNode = FALSE
	EndGlobalSection
	GlobalSection(NestedProjects) = preSolution
		{1796CF83-300B-4183-B518-93EDC991DFAD} = {70447F04-0E92-4CB7-8D20-831FBAB0E314}
		{2AAA94CA-6A09-49DB-ACF1-8426F88B9A17} = {1C147E2C-5D4E-4C23-816D-07E8595C6A1F}

		{89B31D95-ED2A-4F45-AD69-61E1C8156219} = {1C147E2C-5D4E-4C23-816D-07E8595C6A1F}
		{F0DF3771-DEA9-4FC9-A3B6-30E3CF762D63} = {1C147E2C-5D4E-4C23-816D-07E8595C6A1F}
		{CDE30A9A-D492-47E1-9197-67C9E617CC3C} = {081F5BD9-EF31-4131-BFFC-43D0B5A26105}
		{F9E5F500-ECDB-4343-9736-6D97B8741189} = {081F5BD9-EF31-4131-BFFC-43D0B5A26105}
		{CB7F3668-1464-4EDC-B7ED-0813565A6D73} = {081F5BD9-EF31-4131-BFFC-43D0B5A26105}
		{498C7E03-5FF8-4877-8B81-067E362A79E8} = {BA6EE5CB-FD15-4B84-8AC1-9B9161540D6C}
		{BE3D258D-667E-4F82-AC8F-53AE4C857237} = {BA6EE5CB-FD15-4B84-8AC1-9B9161540D6C}
		{905C56F6-A43F-4492-A49F-DF23D5787299} = {081F5BD9-EF31-4131-BFFC-43D0B5A26105}
		{DE034DAF-76AE-4729-A847-0AE791FD7775} = {BA6EE5CB-FD15-4B84-8AC1-9B9161540D6C}
		{616197EF-67BC-4E7E-A033-AC9E8838CEF5} = {BA6EE5CB-FD15-4B84-8AC1-9B9161540D6C}
		{DC263910-D7CF-44F3-8270-0FAD8CAC3D84} = {BA6EE5CB-FD15-4B84-8AC1-9B9161540D6C}
		{FE135CEB-2E71-4096-9FCE-BB095734A2D1} = {BA6EE5CB-FD15-4B84-8AC1-9B9161540D6C}
		{DD0B5DD7-31C7-4F9A-A1DC-9B90706EB8F7} = {70447F04-0E92-4CB7-8D20-831FBAB0E314}
		{CBAB0FA8-B673-4596-94CD-3AE0A910A873} = {0066E867-E2C4-4A62-918F-71C7407ABE0A}
		{4FDF28DB-0354-4B8B-9DE3-D050886602DD} = {0066E867-E2C4-4A62-918F-71C7407ABE0A}
		{83DDEBF7-120B-499D-89D0-2D730C5E79DF} = {0066E867-E2C4-4A62-918F-71C7407ABE0A}
		{DE1EBEF9-AB81-4A7E-BD81-B5200853F84A} = {0066E867-E2C4-4A62-918F-71C7407ABE0A}
		{DEAEAA5B-B661-43F0-BE14-7521B67D32D1} = {BA6EE5CB-FD15-4B84-8AC1-9B9161540D6C}
		{C11E8ECD-9CFE-4923-B617-1437A5B340C2} = {BA6EE5CB-FD15-4B84-8AC1-9B9161540D6C}
		{CCD32EF0-7101-4C15-A4FC-9ECA9848C6C0} = {BA6EE5CB-FD15-4B84-8AC1-9B9161540D6C}
		{37BAA696-7EB6-4885-BC7B-CC156B1C6D58} = {BA6EE5CB-FD15-4B84-8AC1-9B9161540D6C}
		{081F5BD9-EF31-4131-BFFC-43D0B5A26105} = {1C147E2C-5D4E-4C23-816D-07E8595C6A1F}
		{BA6EE5CB-FD15-4B84-8AC1-9B9161540D6C} = {1C147E2C-5D4E-4C23-816D-07E8595C6A1F}
		{0066E867-E2C4-4A62-918F-71C7407ABE0A} = {1C147E2C-5D4E-4C23-816D-07E8595C6A1F}
		{8C605775-89F7-4931-84BF-0975E85D2CA9} = {BA6EE5CB-FD15-4B84-8AC1-9B9161540D6C}
		{0BDF1E21-B961-4B0B-A28F-046E2E4FD91E} = {BA6EE5CB-FD15-4B84-8AC1-9B9161540D6C}
		{5BF83B38-E8A2-4CDE-88D1-9844A373D184} = {70447F04-0E92-4CB7-8D20-831FBAB0E314}
		{D3623226-965F-49F3-B11D-0A7A4EB8385A} = {5BF83B38-E8A2-4CDE-88D1-9844A373D184}
		{33D668C4-A938-4F09-9F91-872139153064} = {5BF83B38-E8A2-4CDE-88D1-9844A373D184}
		{ED0848A2-B4CD-44F8-9425-E75135DF5960} = {5BF83B38-E8A2-4CDE-88D1-9844A373D184}
		{31E8CD46-1B16-4C47-95B9-AF6B8919E3FF} = {50E6B7EA-104F-4308-95AE-728E51945E04}
	EndGlobalSection
	GlobalSection(ExtensibilityGlobals) = postSolution
		SolutionGuid = {E190A905-67C7-4AB6-BD57-A3C8C96C276A}
	EndGlobalSection
	
EndGlobal

